// !$*UTF8*$!
{
	archiveVersion = 1;
	classes = {
	};
	objectVersion = 46;
	objects = {

/* Begin PBXBuildFile section */
		B9EE47A656825E8AE8128794 /* libPods-SWGitHub.a in Frameworks */ = {isa = PBXBuildFile; fileRef = A31C9DE132B85E9B8C050261 /* libPods-SWGitHub.a */; };
		EF979C3C1E78F2DC005CD844 /* main.m in Sources */ = {isa = PBXBuildFile; fileRef = EF979C3B1E78F2DC005CD844 /* main.m */; };
		EF979C3F1E78F2DC005CD844 /* AppDelegate.m in Sources */ = {isa = PBXBuildFile; fileRef = EF979C3E1E78F2DC005CD844 /* AppDelegate.m */; };
		EF979C421E78F2DC005CD844 /* ViewController.m in Sources */ = {isa = PBXBuildFile; fileRef = EF979C411E78F2DC005CD844 /* ViewController.m */; };
		EF979C451E78F2DC005CD844 /* Main.storyboard in Resources */ = {isa = PBXBuildFile; fileRef = EF979C431E78F2DC005CD844 /* Main.storyboard */; };
		EF979C471E78F2DC005CD844 /* Assets.xcassets in Resources */ = {isa = PBXBuildFile; fileRef = EF979C461E78F2DC005CD844 /* Assets.xcassets */; };
		EF979C4A1E78F2DC005CD844 /* LaunchScreen.storyboard in Resources */ = {isa = PBXBuildFile; fileRef = EF979C481E78F2DC005CD844 /* LaunchScreen.storyboard */; };
		EF979CF61E790081005CD844 /* SWObjectManager.m in Sources */ = {isa = PBXBuildFile; fileRef = EF979CEA1E790081005CD844 /* SWObjectManager.m */; };
		EF979CF71E790081005CD844 /* SWUserManager.m in Sources */ = {isa = PBXBuildFile; fileRef = EF979CEC1E790081005CD844 /* SWUserManager.m */; };
		EF979CF81E790081005CD844 /* SWRepository.m in Sources */ = {isa = PBXBuildFile; fileRef = EF979CEF1E790081005CD844 /* SWRepository.m */; };
		EF979CFA1E790081005CD844 /* SWUser.m in Sources */ = {isa = PBXBuildFile; fileRef = EF979CF31E790081005CD844 /* SWUser.m */; };
		EF979D001E791B6C005CD844 /* SWRepoManager.m in Sources */ = {isa = PBXBuildFile; fileRef = EF979CFF1E791B6C005CD844 /* SWRepoManager.m */; };
		EF979D8B1E796F14005CD844 /* SWBaseDataModel.m in Sources */ = {isa = PBXBuildFile; fileRef = EF979D8A1E796F14005CD844 /* SWBaseDataModel.m */; };
		EF979DA11E798CF3005CD844 /* SWSearchRepoResult.m in Sources */ = {isa = PBXBuildFile; fileRef = EF979DA01E798CF3005CD844 /* SWSearchRepoResult.m */; };
		EF979DA81E798EDA005CD844 /* SWSearchManager.m in Sources */ = {isa = PBXBuildFile; fileRef = EF979DA71E798EDA005CD844 /* SWSearchManager.m */; };
		EF979DAD1E799CC0005CD844 /* SWWebManager.m in Sources */ = {isa = PBXBuildFile; fileRef = EF979DAC1E799CC0005CD844 /* SWWebManager.m */; };
		EF979DB11E79A095005CD844 /* NSObject+NSObject_Custom.m in Sources */ = {isa = PBXBuildFile; fileRef = EF979DB01E79A095005CD844 /* NSObject+NSObject_Custom.m */; };
		EF979DB41E79A3B4005CD844 /* NSData+Base64.m in Sources */ = {isa = PBXBuildFile; fileRef = EF979DB31E79A3B4005CD844 /* NSData+Base64.m */; };
/* End PBXBuildFile section */

/* Begin PBXFileReference section */
		A31C9DE132B85E9B8C050261 /* libPods-SWGitHub.a */ = {isa = PBXFileReference; explicitFileType = archive.ar; includeInIndex = 0; path = "libPods-SWGitHub.a"; sourceTree = BUILT_PRODUCTS_DIR; };
		D58D0363F8FB92F907F91360 /* Pods-SWGitHub.debug.xcconfig */ = {isa = PBXFileReference; includeInIndex = 1; lastKnownFileType = text.xcconfig; name = "Pods-SWGitHub.debug.xcconfig"; path = "Pods/Target Support Files/Pods-SWGitHub/Pods-SWGitHub.debug.xcconfig"; sourceTree = "<group>"; };
		EC1DD86FD5F79CD202F6D73D /* Pods-SWGitHub.release.xcconfig */ = {isa = PBXFileReference; includeInIndex = 1; lastKnownFileType = text.xcconfig; name = "Pods-SWGitHub.release.xcconfig"; path = "Pods/Target Support Files/Pods-SWGitHub/Pods-SWGitHub.release.xcconfig"; sourceTree = "<group>"; };
		EF979C371E78F2DC005CD844 /* SWGitHub.app */ = {isa = PBXFileReference; explicitFileType = wrapper.application; includeInIndex = 0; path = SWGitHub.app; sourceTree = BUILT_PRODUCTS_DIR; };
		EF979C3B1E78F2DC005CD844 /* main.m */ = {isa = PBXFileReference; lastKnownFileType = sourcecode.c.objc; path = main.m; sourceTree = "<group>"; };
		EF979C3D1E78F2DC005CD844 /* AppDelegate.h */ = {isa = PBXFileReference; lastKnownFileType = sourcecode.c.h; path = AppDelegate.h; sourceTree = "<group>"; };
		EF979C3E1E78F2DC005CD844 /* AppDelegate.m */ = {isa = PBXFileReference; lastKnownFileType = sourcecode.c.objc; path = AppDelegate.m; sourceTree = "<group>"; };
		EF979C401E78F2DC005CD844 /* ViewController.h */ = {isa = PBXFileReference; lastKnownFileType = sourcecode.c.h; path = ViewController.h; sourceTree = "<group>"; };
		EF979C411E78F2DC005CD844 /* ViewController.m */ = {isa = PBXFileReference; lastKnownFileType = sourcecode.c.objc; path = ViewController.m; sourceTree = "<group>"; };
		EF979C441E78F2DC005CD844 /* Base */ = {isa = PBXFileReference; lastKnownFileType = file.storyboard; name = Base; path = Base.lproj/Main.storyboard; sourceTree = "<group>"; };
		EF979C461E78F2DC005CD844 /* Assets.xcassets */ = {isa = PBXFileReference; lastKnownFileType = folder.assetcatalog; path = Assets.xcassets; sourceTree = "<group>"; };
		EF979C491E78F2DC005CD844 /* Base */ = {isa = PBXFileReference; lastKnownFileType = file.storyboard; name = Base; path = Base.lproj/LaunchScreen.storyboard; sourceTree = "<group>"; };
		EF979C4B1E78F2DC005CD844 /* Info.plist */ = {isa = PBXFileReference; lastKnownFileType = text.plist.xml; path = Info.plist; sourceTree = "<group>"; };
		EF979CD61E78F46A005CD844 /* AppConstants.h */ = {isa = PBXFileReference; fileEncoding = 4; lastKnownFileType = sourcecode.c.h; path = AppConstants.h; sourceTree = "<group>"; };
		EF979CE41E78F555005CD844 /* SWGitHub_prefix.pch */ = {isa = PBXFileReference; lastKnownFileType = sourcecode.c.h; path = SWGitHub_prefix.pch; sourceTree = "<group>"; };
		EF979CE91E790081005CD844 /* SWObjectManager.h */ = {isa = PBXFileReference; fileEncoding = 4; lastKnownFileType = sourcecode.c.h; path = SWObjectManager.h; sourceTree = "<group>"; };
		EF979CEA1E790081005CD844 /* SWObjectManager.m */ = {isa = PBXFileReference; fileEncoding = 4; lastKnownFileType = sourcecode.c.objc; path = SWObjectManager.m; sourceTree = "<group>"; };
		EF979CEB1E790081005CD844 /* SWUserManager.h */ = {isa = PBXFileReference; fileEncoding = 4; lastKnownFileType = sourcecode.c.h; path = SWUserManager.h; sourceTree = "<group>"; };
		EF979CEC1E790081005CD844 /* SWUserManager.m */ = {isa = PBXFileReference; fileEncoding = 4; lastKnownFileType = sourcecode.c.objc; path = SWUserManager.m; sourceTree = "<group>"; };
		EF979CEE1E790081005CD844 /* SWRepository.h */ = {isa = PBXFileReference; fileEncoding = 4; lastKnownFileType = sourcecode.c.h; path = SWRepository.h; sourceTree = "<group>"; };
		EF979CEF1E790081005CD844 /* SWRepository.m */ = {isa = PBXFileReference; fileEncoding = 4; lastKnownFileType = sourcecode.c.objc; path = SWRepository.m; sourceTree = "<group>"; };
		EF979CF21E790081005CD844 /* SWUser.h */ = {isa = PBXFileReference; fileEncoding = 4; lastKnownFileType = sourcecode.c.h; path = SWUser.h; sourceTree = "<group>"; };
		EF979CF31E790081005CD844 /* SWUser.m */ = {isa = PBXFileReference; fileEncoding = 4; lastKnownFileType = sourcecode.c.objc; path = SWUser.m; sourceTree = "<group>"; };
		EF979CFE1E791B6C005CD844 /* SWRepoManager.h */ = {isa = PBXFileReference; fileEncoding = 4; lastKnownFileType = sourcecode.c.h; path = SWRepoManager.h; sourceTree = "<group>"; };
		EF979CFF1E791B6C005CD844 /* SWRepoManager.m */ = {isa = PBXFileReference; fileEncoding = 4; lastKnownFileType = sourcecode.c.objc; path = SWRepoManager.m; sourceTree = "<group>"; };
		EF979D891E796F14005CD844 /* SWBaseDataModel.h */ = {isa = PBXFileReference; fileEncoding = 4; lastKnownFileType = sourcecode.c.h; path = SWBaseDataModel.h; sourceTree = "<group>"; };
		EF979D8A1E796F14005CD844 /* SWBaseDataModel.m */ = {isa = PBXFileReference; fileEncoding = 4; lastKnownFileType = sourcecode.c.objc; path = SWBaseDataModel.m; sourceTree = "<group>"; };
		EF979D9F1E798CF3005CD844 /* SWSearchRepoResult.h */ = {isa = PBXFileReference; fileEncoding = 4; lastKnownFileType = sourcecode.c.h; path = SWSearchRepoResult.h; sourceTree = "<group>"; };
		EF979DA01E798CF3005CD844 /* SWSearchRepoResult.m */ = {isa = PBXFileReference; fileEncoding = 4; lastKnownFileType = sourcecode.c.objc; path = SWSearchRepoResult.m; sourceTree = "<group>"; };
		EF979DA61E798EDA005CD844 /* SWSearchManager.h */ = {isa = PBXFileReference; fileEncoding = 4; lastKnownFileType = sourcecode.c.h; path = SWSearchManager.h; sourceTree = "<group>"; };
		EF979DA71E798EDA005CD844 /* SWSearchManager.m */ = {isa = PBXFileReference; fileEncoding = 4; lastKnownFileType = sourcecode.c.objc; path = SWSearchManager.m; sourceTree = "<group>"; };
		EF979DA91E79942D005CD844 /* SWRestKitMappableModel.h */ = {isa = PBXFileReference; fileEncoding = 4; lastKnownFileType = sourcecode.c.h; path = SWRestKitMappableModel.h; sourceTree = "<group>"; };
		EF979DAB1E799CC0005CD844 /* SWWebManager.h */ = {isa = PBXFileReference; fileEncoding = 4; lastKnownFileType = sourcecode.c.h; path = SWWebManager.h; sourceTree = "<group>"; };
		EF979DAC1E799CC0005CD844 /* SWWebManager.m */ = {isa = PBXFileReference; fileEncoding = 4; lastKnownFileType = sourcecode.c.objc; path = SWWebManager.m; sourceTree = "<group>"; };
		EF979DAF1E79A095005CD844 /* NSObject+NSObject_Custom.h */ = {isa = PBXFileReference; fileEncoding = 4; lastKnownFileType = sourcecode.c.h; path = "NSObject+NSObject_Custom.h"; sourceTree = "<group>"; };
		EF979DB01E79A095005CD844 /* NSObject+NSObject_Custom.m */ = {isa = PBXFileReference; fileEncoding = 4; lastKnownFileType = sourcecode.c.objc; path = "NSObject+NSObject_Custom.m"; sourceTree = "<group>"; };
		EF979DB21E79A3B4005CD844 /* NSData+Base64.h */ = {isa = PBXFileReference; fileEncoding = 4; lastKnownFileType = sourcecode.c.h; path = "NSData+Base64.h"; sourceTree = "<group>"; };
		EF979DB31E79A3B4005CD844 /* NSData+Base64.m */ = {isa = PBXFileReference; fileEncoding = 4; lastKnownFileType = sourcecode.c.objc; path = "NSData+Base64.m"; sourceTree = "<group>"; };
/* End PBXFileReference section */

/* Begin PBXFrameworksBuildPhase section */
		EF979C341E78F2DC005CD844 /* Frameworks */ = {
			isa = PBXFrameworksBuildPhase;
			buildActionMask = 2147483647;
			files = (
				B9EE47A656825E8AE8128794 /* libPods-SWGitHub.a in Frameworks */,
			);
			runOnlyForDeploymentPostprocessing = 0;
		};
/* End PBXFrameworksBuildPhase section */

/* Begin PBXGroup section */
		1F9E1D37B563DA668324F45F /* Pods */ = {
			isa = PBXGroup;
			children = (
				D58D0363F8FB92F907F91360 /* Pods-SWGitHub.debug.xcconfig */,
				EC1DD86FD5F79CD202F6D73D /* Pods-SWGitHub.release.xcconfig */,
			);
			name = Pods;
			sourceTree = "<group>";
		};
		39B7755940E3F5C910D30011 /* Frameworks */ = {
			isa = PBXGroup;
			children = (
				A31C9DE132B85E9B8C050261 /* libPods-SWGitHub.a */,
			);
			name = Frameworks;
			sourceTree = "<group>";
		};
		EF979C2E1E78F2DC005CD844 = {
			isa = PBXGroup;
			children = (
				EF979C391E78F2DC005CD844 /* SWGitHub */,
				EF979C381E78F2DC005CD844 /* Products */,
				1F9E1D37B563DA668324F45F /* Pods */,
				39B7755940E3F5C910D30011 /* Frameworks */,
			);
			sourceTree = "<group>";
		};
		EF979C381E78F2DC005CD844 /* Products */ = {
			isa = PBXGroup;
			children = (
				EF979C371E78F2DC005CD844 /* SWGitHub.app */,
			);
			name = Products;
			sourceTree = "<group>";
		};
		EF979C391E78F2DC005CD844 /* SWGitHub */ = {
			isa = PBXGroup;
			children = (
				EF979C521E78F301005CD844 /* AppDelegate */,
				EF979C531E78F30C005CD844 /* Controllers */,
				EF979C541E78F313005CD844 /* Views */,
				EF979C551E78F318005CD844 /* Cells */,
				EF979C591E78F360005CD844 /* Service */,
				EF979C511E78F2E7005CD844 /* Storyboard */,
				EF979C3A1E78F2DC005CD844 /* Supporting Files */,
			);
			path = SWGitHub;
			sourceTree = "<group>";
		};
		EF979C3A1E78F2DC005CD844 /* Supporting Files */ = {
			isa = PBXGroup;
			children = (
				EF979CD61E78F46A005CD844 /* AppConstants.h */,
				EF979C4B1E78F2DC005CD844 /* Info.plist */,
				EF979C3B1E78F2DC005CD844 /* main.m */,
				EF979CE41E78F555005CD844 /* SWGitHub_prefix.pch */,
			);
			name = "Supporting Files";
			sourceTree = "<group>";
		};
		EF979C511E78F2E7005CD844 /* Storyboard */ = {
			isa = PBXGroup;
			children = (
				EF979C461E78F2DC005CD844 /* Assets.xcassets */,
				EF979C431E78F2DC005CD844 /* Main.storyboard */,
				EF979C481E78F2DC005CD844 /* LaunchScreen.storyboard */,
			);
			name = Storyboard;
			sourceTree = "<group>";
		};
		EF979C521E78F301005CD844 /* AppDelegate */ = {
			isa = PBXGroup;
			children = (
				EF979C3D1E78F2DC005CD844 /* AppDelegate.h */,
				EF979C3E1E78F2DC005CD844 /* AppDelegate.m */,
			);
			name = AppDelegate;
			sourceTree = "<group>";
		};
		EF979C531E78F30C005CD844 /* Controllers */ = {
			isa = PBXGroup;
			children = (
				EF979C581E78F333005CD844 /* Repositories */,
				EF979C571E78F32C005CD844 /* Menu */,
				EF979C561E78F327005CD844 /* Base */,
			);
			name = Controllers;
			sourceTree = "<group>";
		};
		EF979C541E78F313005CD844 /* Views */ = {
			isa = PBXGroup;
			children = (
			);
			name = Views;
			sourceTree = "<group>";
		};
		EF979C551E78F318005CD844 /* Cells */ = {
			isa = PBXGroup;
			children = (
			);
			name = Cells;
			sourceTree = "<group>";
		};
		EF979C561E78F327005CD844 /* Base */ = {
			isa = PBXGroup;
			children = (
			);
			name = Base;
			sourceTree = "<group>";
		};
		EF979C571E78F32C005CD844 /* Menu */ = {
			isa = PBXGroup;
			children = (
			);
			name = Menu;
			sourceTree = "<group>";
		};
		EF979C581E78F333005CD844 /* Repositories */ = {
			isa = PBXGroup;
			children = (
				EF979C401E78F2DC005CD844 /* ViewController.h */,
				EF979C411E78F2DC005CD844 /* ViewController.m */,
			);
			name = Repositories;
			sourceTree = "<group>";
		};
		EF979C591E78F360005CD844 /* Service */ = {
			isa = PBXGroup;
			children = (
				EF979C981E78F440005CD844 /* RestAPI */,
				EF979DAE1E79A095005CD844 /* Decorator */,
			);
			name = Service;
			sourceTree = "<group>";
		};
		EF979C981E78F440005CD844 /* RestAPI */ = {
			isa = PBXGroup;
			children = (
				EF979CED1E790081005CD844 /* Models */,
				EF979CE81E790081005CD844 /* Managers */,
			);
			name = RestAPI;
			path = Service/RestAPI;
			sourceTree = "<group>";
		};
		EF979CE81E790081005CD844 /* Managers */ = {
			isa = PBXGroup;
			children = (
				EF979DAA1E799C98005CD844 /* Manager */,
				EF979DA51E798E2C005CD844 /* SearchRepo */,
				EF979DA41E798E20005CD844 /* UserRepo */,
				EF979DA31E798E1B005CD844 /* User */,
				EF979DA21E798E0F005CD844 /* Base */,
			);
			path = Managers;
			sourceTree = "<group>";
		};
		EF979CED1E790081005CD844 /* Models */ = {
			isa = PBXGroup;
			children = (
				EF979D8C1E797360005CD844 /* UserModel */,
				EF979D8D1E79736C005CD844 /* ReposModel */,
				EF979D9E1E798CD0005CD844 /* SearchRepoResult */,
				EF979D881E796EFE005CD844 /* Base */,
			);
			path = Models;
			sourceTree = "<group>";
		};
		EF979D881E796EFE005CD844 /* Base */ = {
			isa = PBXGroup;
			children = (
				EF979D891E796F14005CD844 /* SWBaseDataModel.h */,
				EF979D8A1E796F14005CD844 /* SWBaseDataModel.m */,
				EF979DA91E79942D005CD844 /* SWRestKitMappableModel.h */,
			);
			name = Base;
			sourceTree = "<group>";
		};
		EF979D8C1E797360005CD844 /* UserModel */ = {
			isa = PBXGroup;
			children = (
				EF979CF21E790081005CD844 /* SWUser.h */,
				EF979CF31E790081005CD844 /* SWUser.m */,
			);
			name = UserModel;
			sourceTree = "<group>";
		};
		EF979D8D1E79736C005CD844 /* ReposModel */ = {
			isa = PBXGroup;
			children = (
				EF979CEE1E790081005CD844 /* SWRepository.h */,
				EF979CEF1E790081005CD844 /* SWRepository.m */,
			);
			name = ReposModel;
			sourceTree = "<group>";
		};
		EF979D9E1E798CD0005CD844 /* SearchRepoResult */ = {
			isa = PBXGroup;
			children = (
				EF979D9F1E798CF3005CD844 /* SWSearchRepoResult.h */,
				EF979DA01E798CF3005CD844 /* SWSearchRepoResult.m */,
			);
			name = SearchRepoResult;
			sourceTree = "<group>";
		};
		EF979DA21E798E0F005CD844 /* Base */ = {
			isa = PBXGroup;
			children = (
				EF979CE91E790081005CD844 /* SWObjectManager.h */,
				EF979CEA1E790081005CD844 /* SWObjectManager.m */,
			);
			name = Base;
			sourceTree = "<group>";
		};
		EF979DA31E798E1B005CD844 /* User */ = {
			isa = PBXGroup;
			children = (
				EF979CEB1E790081005CD844 /* SWUserManager.h */,
				EF979CEC1E790081005CD844 /* SWUserManager.m */,
			);
			name = User;
			sourceTree = "<group>";
		};
		EF979DA41E798E20005CD844 /* UserRepo */ = {
			isa = PBXGroup;
			children = (
				EF979CFE1E791B6C005CD844 /* SWRepoManager.h */,
				EF979CFF1E791B6C005CD844 /* SWRepoManager.m */,
			);
			name = UserRepo;
			sourceTree = "<group>";
		};
		EF979DA51E798E2C005CD844 /* SearchRepo */ = {
			isa = PBXGroup;
			children = (
				EF979DA61E798EDA005CD844 /* SWSearchManager.h */,
				EF979DA71E798EDA005CD844 /* SWSearchManager.m */,
			);
			name = SearchRepo;
			sourceTree = "<group>";
		};
		EF979DAA1E799C98005CD844 /* Manager */ = {
			isa = PBXGroup;
			children = (
				EF979DAB1E799CC0005CD844 /* SWWebManager.h */,
				EF979DAC1E799CC0005CD844 /* SWWebManager.m */,
			);
			name = Manager;
			sourceTree = "<group>";
		};
		EF979DAE1E79A095005CD844 /* Decorator */ = {
			isa = PBXGroup;
			children = (
				EF979DAF1E79A095005CD844 /* NSObject+NSObject_Custom.h */,
				EF979DB01E79A095005CD844 /* NSObject+NSObject_Custom.m */,
				EF979DB21E79A3B4005CD844 /* NSData+Base64.h */,
				EF979DB31E79A3B4005CD844 /* NSData+Base64.m */,
			);
			name = Decorator;
			path = Service/Category;
			sourceTree = "<group>";
		};
/* End PBXGroup section */

/* Begin PBXNativeTarget section */
		EF979C361E78F2DC005CD844 /* SWGitHub */ = {
			isa = PBXNativeTarget;
			buildConfigurationList = EF979C4E1E78F2DC005CD844 /* Build configuration list for PBXNativeTarget "SWGitHub" */;
			buildPhases = (
				0688C4A28BDC3A3A762BF186 /* [CP] Check Pods Manifest.lock */,
				EF979C331E78F2DC005CD844 /* Sources */,
				EF979C341E78F2DC005CD844 /* Frameworks */,
				EF979C351E78F2DC005CD844 /* Resources */,
				ECA006A4A92A6B9EFFF4293C /* [CP] Embed Pods Frameworks */,
				A4A05352BC71E0554CE03542 /* [CP] Copy Pods Resources */,
			);
			buildRules = (
			);
			dependencies = (
			);
			name = SWGitHub;
			productName = SWGitHub;
			productReference = EF979C371E78F2DC005CD844 /* SWGitHub.app */;
			productType = "com.apple.product-type.application";
		};
/* End PBXNativeTarget section */

/* Begin PBXProject section */
		EF979C2F1E78F2DC005CD844 /* Project object */ = {
			isa = PBXProject;
			attributes = {
				LastUpgradeCheck = 0820;
				ORGANIZATIONNAME = SBApps;
				TargetAttributes = {
					EF979C361E78F2DC005CD844 = {
						CreatedOnToolsVersion = 8.2.1;
						DevelopmentTeam = 46353Z8TA3;
						ProvisioningStyle = Automatic;
					};
				};
			};
			buildConfigurationList = EF979C321E78F2DC005CD844 /* Build configuration list for PBXProject "SWGitHub" */;
			compatibilityVersion = "Xcode 3.2";
			developmentRegion = English;
			hasScannedForEncodings = 0;
			knownRegions = (
				en,
				Base,
			);
			mainGroup = EF979C2E1E78F2DC005CD844;
			productRefGroup = EF979C381E78F2DC005CD844 /* Products */;
			projectDirPath = "";
			projectRoot = "";
			targets = (
				EF979C361E78F2DC005CD844 /* SWGitHub */,
			);
		};
/* End PBXProject section */

/* Begin PBXResourcesBuildPhase section */
		EF979C351E78F2DC005CD844 /* Resources */ = {
			isa = PBXResourcesBuildPhase;
			buildActionMask = 2147483647;
			files = (
				EF979C4A1E78F2DC005CD844 /* LaunchScreen.storyboard in Resources */,
				EF979C471E78F2DC005CD844 /* Assets.xcassets in Resources */,
				EF979C451E78F2DC005CD844 /* Main.storyboard in Resources */,
			);
			runOnlyForDeploymentPostprocessing = 0;
		};
/* End PBXResourcesBuildPhase section */

/* Begin PBXShellScriptBuildPhase section */
		0688C4A28BDC3A3A762BF186 /* [CP] Check Pods Manifest.lock */ = {
			isa = PBXShellScriptBuildPhase;
			buildActionMask = 2147483647;
			files = (
			);
			inputPaths = (
			);
			name = "[CP] Check Pods Manifest.lock";
			outputPaths = (
			);
			runOnlyForDeploymentPostprocessing = 0;
			shellPath = /bin/sh;
			shellScript = "diff \"${PODS_ROOT}/../Podfile.lock\" \"${PODS_ROOT}/Manifest.lock\" > /dev/null\nif [ $? != 0 ] ; then\n    # print error to STDERR\n    echo \"error: The sandbox is not in sync with the Podfile.lock. Run 'pod install' or update your CocoaPods installation.\" >&2\n    exit 1\nfi\n";
			showEnvVarsInLog = 0;
		};
		A4A05352BC71E0554CE03542 /* [CP] Copy Pods Resources */ = {
			isa = PBXShellScriptBuildPhase;
			buildActionMask = 2147483647;
			files = (
			);
			inputPaths = (
			);
			name = "[CP] Copy Pods Resources";
			outputPaths = (
			);
			runOnlyForDeploymentPostprocessing = 0;
			shellPath = /bin/sh;
			shellScript = "\"${SRCROOT}/Pods/Target Support Files/Pods-SWGitHub/Pods-SWGitHub-resources.sh\"\n";
			showEnvVarsInLog = 0;
		};
		ECA006A4A92A6B9EFFF4293C /* [CP] Embed Pods Frameworks */ = {
			isa = PBXShellScriptBuildPhase;
			buildActionMask = 2147483647;
			files = (
			);
			inputPaths = (
			);
			name = "[CP] Embed Pods Frameworks";
			outputPaths = (
			);
			runOnlyForDeploymentPostprocessing = 0;
			shellPath = /bin/sh;
			shellScript = "\"${SRCROOT}/Pods/Target Support Files/Pods-SWGitHub/Pods-SWGitHub-frameworks.sh\"\n";
			showEnvVarsInLog = 0;
		};
/* End PBXShellScriptBuildPhase section */

/* Begin PBXSourcesBuildPhase section */
		EF979C331E78F2DC005CD844 /* Sources */ = {
			isa = PBXSourcesBuildPhase;
			buildActionMask = 2147483647;
			files = (
				EF979D8B1E796F14005CD844 /* SWBaseDataModel.m in Sources */,
				EF979CFA1E790081005CD844 /* SWUser.m in Sources */,
				EF979C421E78F2DC005CD844 /* ViewController.m in Sources */,
				EF979DB41E79A3B4005CD844 /* NSData+Base64.m in Sources */,
				EF979CF81E790081005CD844 /* SWRepository.m in Sources */,
				EF979D001E791B6C005CD844 /* SWRepoManager.m in Sources */,
				EF979C3F1E78F2DC005CD844 /* AppDelegate.m in Sources */,
				EF979DA81E798EDA005CD844 /* SWSearchManager.m in Sources */,
				EF979CF71E790081005CD844 /* SWUserManager.m in Sources */,
				EF979DAD1E799CC0005CD844 /* SWWebManager.m in Sources */,
				EF979DB11E79A095005CD844 /* NSObject+NSObject_Custom.m in Sources */,
				EF979CF61E790081005CD844 /* SWObjectManager.m in Sources */,
				EF979DA11E798CF3005CD844 /* SWSearchRepoResult.m in Sources */,
				EF979C3C1E78F2DC005CD844 /* main.m in Sources */,
			);
			runOnlyForDeploymentPostprocessing = 0;
		};
/* End PBXSourcesBuildPhase section */

/* Begin PBXVariantGroup section */
		EF979C431E78F2DC005CD844 /* Main.storyboard */ = {
			isa = PBXVariantGroup;
			children = (
				EF979C441E78F2DC005CD844 /* Base */,
			);
			name = Main.storyboard;
			sourceTree = "<group>";
		};
		EF979C481E78F2DC005CD844 /* LaunchScreen.storyboard */ = {
			isa = PBXVariantGroup;
			children = (
				EF979C491E78F2DC005CD844 /* Base */,
			);
			name = LaunchScreen.storyboard;
			sourceTree = "<group>";
		};
/* End PBXVariantGroup section */

/* Begin XCBuildConfiguration section */
		EF979C4C1E78F2DC005CD844 /* Debug */ = {
			isa = XCBuildConfiguration;
			buildSettings = {
				ALWAYS_SEARCH_USER_PATHS = NO;
				CLANG_ANALYZER_NONNULL = YES;
				CLANG_CXX_LANGUAGE_STANDARD = "gnu++0x";
				CLANG_CXX_LIBRARY = "libc++";
				CLANG_ENABLE_MODULES = YES;
				CLANG_ENABLE_OBJC_ARC = YES;
				CLANG_WARN_BOOL_CONVERSION = YES;
				CLANG_WARN_CONSTANT_CONVERSION = YES;
				CLANG_WARN_DIRECT_OBJC_ISA_USAGE = YES_ERROR;
				CLANG_WARN_DOCUMENTATION_COMMENTS = YES;
				CLANG_WARN_EMPTY_BODY = YES;
				CLANG_WARN_ENUM_CONVERSION = YES;
				CLANG_WARN_INFINITE_RECURSION = YES;
				CLANG_WARN_INT_CONVERSION = YES;
				CLANG_WARN_OBJC_ROOT_CLASS = YES_ERROR;
				CLANG_WARN_SUSPICIOUS_MOVE = YES;
				CLANG_WARN_UNREACHABLE_CODE = YES;
				CLANG_WARN__DUPLICATE_METHOD_MATCH = YES;
				"CODE_SIGN_IDENTITY[sdk=iphoneos*]" = "iPhone Developer";
				COPY_PHASE_STRIP = NO;
				DEBUG_INFORMATION_FORMAT = dwarf;
				ENABLE_STRICT_OBJC_MSGSEND = YES;
				ENABLE_TESTABILITY = YES;
				GCC_C_LANGUAGE_STANDARD = gnu99;
				GCC_DYNAMIC_NO_PIC = NO;
				GCC_NO_COMMON_BLOCKS = YES;
				GCC_OPTIMIZATION_LEVEL = 0;
				GCC_PREPROCESSOR_DEFINITIONS = (
					"DEBUG=1",
					"$(inherited)",
				);
				GCC_WARN_64_TO_32_BIT_CONVERSION = YES;
				GCC_WARN_ABOUT_RETURN_TYPE = YES_ERROR;
				GCC_WARN_UNDECLARED_SELECTOR = YES;
				GCC_WARN_UNINITIALIZED_AUTOS = YES_AGGRESSIVE;
				GCC_WARN_UNUSED_FUNCTION = YES;
				GCC_WARN_UNUSED_VARIABLE = YES;
				IPHONEOS_DEPLOYMENT_TARGET = 10.2;
				MTL_ENABLE_DEBUG_INFO = YES;
				ONLY_ACTIVE_ARCH = YES;
				SDKROOT = iphoneos;
			};
			name = Debug;
		};
		EF979C4D1E78F2DC005CD844 /* Release */ = {
			isa = XCBuildConfiguration;
			buildSettings = {
				ALWAYS_SEARCH_USER_PATHS = NO;
				CLANG_ANALYZER_NONNULL = YES;
				CLANG_CXX_LANGUAGE_STANDARD = "gnu++0x";
				CLANG_CXX_LIBRARY = "libc++";
				CLANG_ENABLE_MODULES = YES;
				CLANG_ENABLE_OBJC_ARC = YES;
				CLANG_WARN_BOOL_CONVERSION = YES;
				CLANG_WARN_CONSTANT_CONVERSION = YES;
				CLANG_WARN_DIRECT_OBJC_ISA_USAGE = YES_ERROR;
				CLANG_WARN_DOCUMENTATION_COMMENTS = YES;
				CLANG_WARN_EMPTY_BODY = YES;
				CLANG_WARN_ENUM_CONVERSION = YES;
				CLANG_WARN_INFINITE_RECURSION = YES;
				CLANG_WARN_INT_CONVERSION = YES;
				CLANG_WARN_OBJC_ROOT_CLASS = YES_ERROR;
				CLANG_WARN_SUSPICIOUS_MOVE = YES;
				CLANG_WARN_UNREACHABLE_CODE = YES;
				CLANG_WARN__DUPLICATE_METHOD_MATCH = YES;
				"CODE_SIGN_IDENTITY[sdk=iphoneos*]" = "iPhone Developer";
				COPY_PHASE_STRIP = NO;
				DEBUG_INFORMATION_FORMAT = "dwarf-with-dsym";
				ENABLE_NS_ASSERTIONS = NO;
				ENABLE_STRICT_OBJC_MSGSEND = YES;
				GCC_C_LANGUAGE_STANDARD = gnu99;
				GCC_NO_COMMON_BLOCKS = YES;
				GCC_WARN_64_TO_32_BIT_CONVERSION = YES;
				GCC_WARN_ABOUT_RETURN_TYPE = YES_ERROR;
				GCC_WARN_UNDECLARED_SELECTOR = YES;
				GCC_WARN_UNINITIALIZED_AUTOS = YES_AGGRESSIVE;
				GCC_WARN_UNUSED_FUNCTION = YES;
				GCC_WARN_UNUSED_VARIABLE = YES;
				IPHONEOS_DEPLOYMENT_TARGET = 10.2;
				MTL_ENABLE_DEBUG_INFO = NO;
				SDKROOT = iphoneos;
				VALIDATE_PRODUCT = YES;
			};
			name = Release;
		};
		EF979C4F1E78F2DC005CD844 /* Debug */ = {
			isa = XCBuildConfiguration;
			baseConfigurationReference = D58D0363F8FB92F907F91360 /* Pods-SWGitHub.debug.xcconfig */;
			buildSettings = {
				ASSETCATALOG_COMPILER_APPICON_NAME = AppIcon;
				DEVELOPMENT_TEAM = 46353Z8TA3;
				GCC_PREFIX_HEADER = SWGitHub/SWGitHub_prefix.pch;
				INFOPLIST_FILE = SWGitHub/Info.plist;
				IPHONEOS_DEPLOYMENT_TARGET = 8.0;
				LD_RUNPATH_SEARCH_PATHS = "$(inherited) @executable_path/Frameworks";
				PRODUCT_BUNDLE_IDENTIFIER = sb.com.SWGitHub;
				PRODUCT_NAME = "$(TARGET_NAME)";
			};
			name = Debug;
		};
		EF979C501E78F2DC005CD844 /* Release */ = {
			isa = XCBuildConfiguration;
			baseConfigurationReference = EC1DD86FD5F79CD202F6D73D /* Pods-SWGitHub.release.xcconfig */;
			buildSettings = {
				ASSETCATALOG_COMPILER_APPICON_NAME = AppIcon;
				DEVELOPMENT_TEAM = 46353Z8TA3;
				GCC_PREFIX_HEADER = SWGitHub/SWGitHub_prefix.pch;
				INFOPLIST_FILE = SWGitHub/Info.plist;
				IPHONEOS_DEPLOYMENT_TARGET = 8.0;
				LD_RUNPATH_SEARCH_PATHS = "$(inherited) @executable_path/Frameworks";
				PRODUCT_BUNDLE_IDENTIFIER = sb.com.SWGitHub;
				PRODUCT_NAME = "$(TARGET_NAME)";
			};
			name = Release;
		};
/* End XCBuildConfiguration section */

/* Begin XCConfigurationList section */
		EF979C321E78F2DC005CD844 /* Build configuration list for PBXProject "SWGitHub" */ = {
			isa = XCConfigurationList;
			buildConfigurations = (
				EF979C4C1E78F2DC005CD844 /* Debug */,
				EF979C4D1E78F2DC005CD844 /* Release */,
			);
			defaultConfigurationIsVisible = 0;
			defaultConfigurationName = Release;
		};
		EF979C4E1E78F2DC005CD844 /* Build configuration list for PBXNativeTarget "SWGitHub" */ = {
			isa = XCConfigurationList;
			buildConfigurations = (
				EF979C4F1E78F2DC005CD844 /* Debug */,
				EF979C501E78F2DC005CD844 /* Release */,
			);
			defaultConfigurationIsVisible = 0;
			defaultConfigurationName = Release;
		};
/* End XCConfigurationList section */
	};
	rootObject = EF979C2F1E78F2DC005CD844 /* Project object */;
}
